<?xml version="1.0" encoding="utf-8"?>
<Project ToolsVersion="4.0" xmlns="http://schemas.microsoft.com/developer/msbuild/2003">
  <ItemGroup>
    <Filter Include="Source Files">
      <UniqueIdentifier>{4FC737F1-C7A5-4376-A066-2A32D752A2FF}</UniqueIdentifier>
      <Extensions>cpp;cxx;c;def</Extensions>
    </Filter>
    <Filter Include="Header Files">
      <UniqueIdentifier>{93995380-89BD-4b04-88EB-625FBE52EBFB}</UniqueIdentifier>
      <Extensions>h</Extensions>
    </Filter>
    <Filter Include="Form Files">
      <UniqueIdentifier>{99349809-55BA-4b9d-BF79-8FDBB0286EB3}</UniqueIdentifier>
      <Extensions>ui</Extensions>
    </Filter>
    <Filter Include="Resource Files">
      <UniqueIdentifier>{D9D6E242-F8AF-46E4-B9FD-80ECBC20BA3E}</UniqueIdentifier>
      <Extensions>qrc;*</Extensions>
      <ParseFiles>false</ParseFiles>
    </Filter>
    <Filter Include="Generated Files">
      <UniqueIdentifier>{71ED8ED8-ACB9-4CE9-BBE1-E00B30144E11}</UniqueIdentifier>
      <Extensions>moc;h;cpp</Extensions>
      <SourceControlFiles>False</SourceControlFiles>
    </Filter>
    <Filter Include="Generated Files\Debug">
      <UniqueIdentifier>{a3c6a413-9c4c-423e-b345-e83c8e50f260}</UniqueIdentifier>
      <Extensions>cpp;moc</Extensions>
      <SourceControlFiles>False</SourceControlFiles>
    </Filter>
    <Filter Include="Generated Files\Release">
      <UniqueIdentifier>{11583989-ce70-4564-bbaa-f43a8e1b07fb}</UniqueIdentifier>
      <Extensions>cpp;moc</Extensions>
      <SourceControlFiles>False</SourceControlFiles>
    </Filter>
    <Filter Include="Source Files\Agents">
      <UniqueIdentifier>{5f166c1b-d7c5-4a10-b3fa-042047207c6d}</UniqueIdentifier>
    </Filter>
    <Filter Include="Header Files\Agents">
      <UniqueIdentifier>{c61707ce-91ee-4dda-b50f-818fc08783ba}</UniqueIdentifier>
    </Filter>
    <Filter Include="Header Files\Skills">
      <UniqueIdentifier>{597ad11e-9a9b-4e4a-9b7e-441c08820d88}</UniqueIdentifier>
    </Filter>
    <Filter Include="Source Files\Skills">
      <UniqueIdentifier>{d1a6d5c2-4f2f-4b82-9d37-1c70d7815d53}</UniqueIdentifier>
    </Filter>
    <Filter Include="Header Files\enums">
      <UniqueIdentifier>{6af541a8-9d58-47ad-a840-a8ae16ca78a2}</UniqueIdentifier>
    </Filter>
    <Filter Include="Header Files\Combatevents">
      <UniqueIdentifier>{498c1885-dff3-42e8-a750-7573c2b58206}</UniqueIdentifier>
    </Filter>
    <Filter Include="Source Files\Combatevents">
      <UniqueIdentifier>{c8d0a180-b44a-4d19-ba44-40ec220b17de}</UniqueIdentifier>
    </Filter>
  </ItemGroup>
  <ItemGroup>
    <ClCompile Include="main.cpp">
      <Filter>Source Files</Filter>
    </ClCompile>
    <ClCompile Include="gw2_raidreplay.cpp">
      <Filter>Source Files</Filter>
    </ClCompile>
    <ClCompile Include="GeneratedFiles\Debug\moc_gw2_raidreplay.cpp">
      <Filter>Generated Files\Debug</Filter>
    </ClCompile>
    <ClCompile Include="GeneratedFiles\Release\moc_gw2_raidreplay.cpp">
      <Filter>Generated Files\Release</Filter>
    </ClCompile>
    <ClCompile Include="GeneratedFiles\qrc_gw2_raidreplay.cpp">
      <Filter>Generated Files</Filter>
    </ClCompile>
    <ClCompile Include="GeneratedFiles\Debug\moc_gw2_agent.cpp">
      <Filter>Generated Files\Debug</Filter>
    </ClCompile>
    <ClCompile Include="GeneratedFiles\Release\moc_gw2_agent.cpp">
      <Filter>Generated Files\Release</Filter>
    </ClCompile>
    <ClCompile Include="GeneratedFiles\Debug\moc_gw2_combatevent.cpp">
      <Filter>Generated Files\Debug</Filter>
    </ClCompile>
    <ClCompile Include="GeneratedFiles\Release\moc_gw2_combatevent.cpp">
      <Filter>Generated Files\Release</Filter>
    </ClCompile>
    <ClCompile Include="GeneratedFiles\Debug\moc_gw2_skill.cpp">
      <Filter>Generated Files\Debug</Filter>
    </ClCompile>
    <ClCompile Include="GeneratedFiles\Release\moc_gw2_skill.cpp">
      <Filter>Generated Files\Release</Filter>
    </ClCompile>
    <ClCompile Include="GeneratedFiles\Debug\moc_gw2_combatdata.cpp">
      <Filter>Generated Files\Debug</Filter>
    </ClCompile>
    <ClCompile Include="GeneratedFiles\Release\moc_gw2_combatdata.cpp">
      <Filter>Generated Files\Release</Filter>
    </ClCompile>
    <ClCompile Include="gw2_combatdata.cpp">
      <Filter>Source Files</Filter>
    </ClCompile>
    <ClCompile Include="GeneratedFiles\Debug\moc_gw2_evtc_parser.cpp">
      <Filter>Generated Files\Debug</Filter>
    </ClCompile>
    <ClCompile Include="GeneratedFiles\Release\moc_gw2_evtc_parser.cpp">
      <Filter>Generated Files\Release</Filter>
    </ClCompile>
    <ClCompile Include="gw2_evtc_parser.cpp">
      <Filter>Source Files</Filter>
    </ClCompile>
    <ClCompile Include="GeneratedFiles\Debug\moc_gw2_player.cpp">
      <Filter>Generated Files\Debug</Filter>
    </ClCompile>
    <ClCompile Include="GeneratedFiles\Release\moc_gw2_player.cpp">
      <Filter>Generated Files\Release</Filter>
    </ClCompile>
    <ClCompile Include="gw2_agent.cpp">
      <Filter>Source Files\Agents</Filter>
    </ClCompile>
    <ClCompile Include="gw2_player.cpp">
      <Filter>Source Files\Agents</Filter>
    </ClCompile>
    <ClCompile Include="gw2_skill.cpp">
      <Filter>Source Files\Skills</Filter>
    </ClCompile>
    <ClCompile Include="GeneratedFiles\Debug\moc_gw2_boss.cpp">
      <Filter>Generated Files\Debug</Filter>
    </ClCompile>
    <ClCompile Include="GeneratedFiles\Release\moc_gw2_boss.cpp">
      <Filter>Generated Files\Release</Filter>
    </ClCompile>
    <ClCompile Include="gw2_boss.cpp">
      <Filter>Source Files\Agents</Filter>
    </ClCompile>
    <ClCompile Include="GeneratedFiles\Debug\moc_gw2_gadget.cpp">
      <Filter>Generated Files\Debug</Filter>
    </ClCompile>
    <ClCompile Include="GeneratedFiles\Release\moc_gw2_gadget.cpp">
      <Filter>Generated Files\Release</Filter>
    </ClCompile>
    <ClCompile Include="gw2_gadget.cpp">
      <Filter>Source Files\Agents</Filter>
    </ClCompile>
    <ClCompile Include="gw2_combatevent.cpp">
      <Filter>Source Files\Combatevents</Filter>
    </ClCompile>
    <ClCompile Include="gw2_character.cpp">
      <Filter>Source Files\Agents</Filter>
    </ClCompile>
    <ClCompile Include="GeneratedFiles\Debug\moc_gw2_character.cpp">
      <Filter>Generated Files\Debug</Filter>
    </ClCompile>
    <ClCompile Include="GeneratedFiles\Release\moc_gw2_character.cpp">
      <Filter>Generated Files\Release</Filter>
    </ClCompile>
  </ItemGroup>
  <ItemGroup>
    <CustomBuild Include="gw2_raidreplay.h">
      <Filter>Header Files</Filter>
    </CustomBuild>
    <CustomBuild Include="gw2_raidreplay.ui">
      <Filter>Form Files</Filter>
    </CustomBuild>
    <CustomBuild Include="gw2_raidreplay.qrc">
      <Filter>Resource Files</Filter>
    </CustomBuild>
    <CustomBuild Include="gw2_combatdata.h">
      <Filter>Header Files</Filter>
    </CustomBuild>
    <CustomBuild Include="gw2_evtc_parser.h">
      <Filter>Header Files</Filter>
    </CustomBuild>
    <CustomBuild Include="gw2_agent.h">
      <Filter>Header Files\Agents</Filter>
    </CustomBuild>
    <CustomBuild Include="gw2_player.h">
      <Filter>Header Files\Agents</Filter>
    </CustomBuild>
    <CustomBuild Include="gw2_skill.h">
      <Filter>Header Files\Skills</Filter>
    </CustomBuild>
    <CustomBuild Include="gw2_boss.h">
      <Filter>Header Files\Agents</Filter>
    </CustomBuild>
    <CustomBuild Include="gw2_gadget.h">
      <Filter>Header Files\Agents</Filter>
    </CustomBuild>
    <CustomBuild Include="gw2_combatevent.h">
      <Filter>Header Files\Combatevents</Filter>
    </CustomBuild>
    <CustomBuild Include="gw2_character.h">
      <Filter>Header Files\Agents</Filter>
    </CustomBuild>
  </ItemGroup>
  <ItemGroup>
    <ClInclude Include="GeneratedFiles\ui_gw2_raidreplay.h">
      <Filter>Generated Files</Filter>
    </ClInclude>
    <ClInclude Include="enums.h">
      <Filter>Header Files\enums</Filter>
    </ClInclude>
  </ItemGroup>
  <ItemGroup>
    <ResourceCompile Include="GW2_RaidReplay.rc" />
  </ItemGroup>
</Project>